
Microsoft Visual Studio Solution File, Format Version 12.00
# Visual Studio 15
VisualStudioVersion = 15.0.26430.12
MinimumVisualStudioVersion = 15.0.26430.12
Project("{FAE04EC0-301F-11D3-BF4B-00C04F79EFBC}") = "NServiceBus.Serilog", "NServiceBus.Serilog\NServiceBus.Serilog.csproj", "{17097D26-641A-4A26-BD4A-39DB66964774}"
EndProject
Project("{FAE04EC0-301F-11D3-BF4B-00C04F79EFBC}") = "Sample", "Sample\Sample.csproj", "{8CB7E535-A40A-4557-BF0A-3302C12E7FC6}"
EndProject
Project("{FAE04EC0-301F-11D3-BF4B-00C04F79EFBC}") = "NServiceBus.Serilog.Tracing", "NServiceBus.Serilog.Tracing\NServiceBus.Serilog.Tracing.csproj", "{7B772DB8-19F3-469A-BD4C-7A9CABF8DADA}"
EndProject
Project("{FAE04EC0-301F-11D3-BF4B-00C04F79EFBC}") = "TracingSample", "TracingSample\TracingSample.csproj", "{082EDF4E-FBF4-4987-A671-14F8AD4FD62E}"
EndProject
Project("{FAE04EC0-301F-11D3-BF4B-00C04F79EFBC}") = "Tests", "Tests\Tests.csproj", "{570F4E99-F844-4B2A-959E-65CF1D48FDD6}"
EndProject
Global
	GlobalSection(SolutionConfigurationPlatforms) = preSolution
		Debug|Any CPU = Debug|Any CPU
		Release|Any CPU = Release|Any CPU
	EndGlobalSection
	GlobalSection(ProjectConfigurationPlatforms) = postSolution
		{17097D26-641A-4A26-BD4A-39DB66964774}.Debug|Any CPU.ActiveCfg = Debug|Any CPU
		{17097D26-641A-4A26-BD4A-39DB66964774}.Debug|Any CPU.Build.0 = Debug|Any CPU
		{17097D26-641A-4A26-BD4A-39DB66964774}.Release|Any CPU.ActiveCfg = Release|Any CPU
		{17097D26-641A-4A26-BD4A-39DB66964774}.Release|Any CPU.Build.0 = Release|Any CPU
		{8CB7E535-A40A-4557-BF0A-3302C12E7FC6}.Debug|Any CPU.ActiveCfg = Debug|Any CPU
		{8CB7E535-A40A-4557-BF0A-3302C12E7FC6}.Debug|Any CPU.Build.0 = Debug|Any CPU
		{8CB7E535-A40A-4557-BF0A-3302C12E7FC6}.Release|Any CPU.ActiveCfg = Release|Any CPU
		{8CB7E535-A40A-4557-BF0A-3302C12E7FC6}.Release|Any CPU.Build.0 = Release|Any CPU
		{7B772DB8-19F3-469A-BD4C-7A9CABF8DADA}.Debug|Any CPU.ActiveCfg = Debug|Any CPU
		{7B772DB8-19F3-469A-BD4C-7A9CABF8DADA}.Debug|Any CPU.Build.0 = Debug|Any CPU
		{7B772DB8-19F3-469A-BD4C-7A9CABF8DADA}.Release|Any CPU.ActiveCfg = Release|Any CPU
		{7B772DB8-19F3-469A-BD4C-7A9CABF8DADA}.Release|Any CPU.Build.0 = Release|Any CPU
		{082EDF4E-FBF4-4987-A671-14F8AD4FD62E}.Debug|Any CPU.ActiveCfg = Debug|Any CPU
		{082EDF4E-FBF4-4987-A671-14F8AD4FD62E}.Debug|Any CPU.Build.0 = Debug|Any CPU
		{082EDF4E-FBF4-4987-A671-14F8AD4FD62E}.Release|Any CPU.ActiveCfg = Release|Any CPU
		{082EDF4E-FBF4-4987-A671-14F8AD4FD62E}.Release|Any CPU.Build.0 = Release|Any CPU
		{570F4E99-F844-4B2A-959E-65CF1D48FDD6}.Debug|Any CPU.ActiveCfg = Debug|Any CPU
		{570F4E99-F844-4B2A-959E-65CF1D48FDD6}.Debug|Any CPU.Build.0 = Debug|Any CPU
		{570F4E99-F844-4B2A-959E-65CF1D48FDD6}.Release|Any CPU.ActiveCfg = Release|Any CPU
		{570F4E99-F844-4B2A-959E-65CF1D48FDD6}.Release|Any CPU.Build.0 = Release|Any CPU
	EndGlobalSection
	GlobalSection(SolutionProperties) = preSolution
		HideSolutionNode = FALSE
	EndGlobalSection
EndGlobal
